
Microsoft Visual Studio Solution File, Format Version 12.00
# Visual Studio Version 17
VisualStudioVersion = 17.5.33516.290
MinimumVisualStudioVersion = 10.0.40219.1
Project("{FAE04EC0-301F-11D3-BF4B-00C04F79EFBC}") = "SaiyanBot", "SaiyanBot\SaiyanBot.csproj", "{5AEFF1E2-F79E-4598-878A-8B698229F887}"
EndProject
Project("{FAE04EC0-301F-11D3-BF4B-00C04F79EFBC}") = "SaiyanBot.UnitTests", "SaiyanBot.UnitTests\SaiyanBot.UnitTests.csproj", "{C0A19233-ECDC-4A38-9EB6-5E3DDD501BFE}"
EndProject
Global
	GlobalSection(SolutionConfigurationPlatforms) = preSolution
		Debug|Any CPU = Debug|Any CPU
		Release|Any CPU = Release|Any CPU
	EndGlobalSection
	GlobalSection(ProjectConfigurationPlatforms) = postSolution
		{5AEFF1E2-F79E-4598-878A-8B698229F887}.Debug|Any CPU.ActiveCfg = Debug|Any CPU
		{5AEFF1E2-F79E-4598-878A-8B698229F887}.Debug|Any CPU.Build.0 = Debug|Any CPU
		{5AEFF1E2-F79E-4598-878A-8B698229F887}.Release|Any CPU.ActiveCfg = Release|Any CPU
		{5AEFF1E2-F79E-4598-878A-8B698229F887}.Release|Any CPU.Build.0 = Release|Any CPU
		{C0A19233-ECDC-4A38-9EB6-5E3DDD501BFE}.Debug|Any CPU.ActiveCfg = Debug|Any CPU
		{C0A19233-ECDC-4A38-9EB6-5E3DDD501BFE}.Debug|Any CPU.Build.0 = Debug|Any CPU
		{C0A19233-ECDC-4A38-9EB6-5E3DDD501BFE}.Release|Any CPU.ActiveCfg = Release|Any CPU
		{C0A19233-ECDC-4A38-9EB6-5E3DDD501BFE}.Release|Any CPU.Build.0 = Release|Any CPU
	EndGlobalSection
	GlobalSection(SolutionProperties) = preSolution
		HideSolutionNode = FALSE
	EndGlobalSection
	GlobalSection(ExtensibilityGlobals) = postSolution
		SolutionGuid = {39C6ECB4-4482-4D0E-A3F3-532DE31DCD13}
	EndGlobalSection
EndGlobal
